// !$*UTF8*$!
{
	archiveVersion = 1;
	classes = {
	};
	objectVersion = 56;
	objects = {

/* Begin PBXBuildFile section */
		AA480F652B0EE9E2009E6E7B /* Practica_de_examenApp.swift in Sources */ = {isa = PBXBuildFile; fileRef = AA480F642B0EE9E2009E6E7B /* Practica_de_examenApp.swift */; };
		AA480F672B0EE9E2009E6E7B /* ContentView.swift in Sources */ = {isa = PBXBuildFile; fileRef = AA480F662B0EE9E2009E6E7B /* ContentView.swift */; };
		AA480F692B0EE9E2009E6E7B /* Item.swift in Sources */ = {isa = PBXBuildFile; fileRef = AA480F682B0EE9E2009E6E7B /* Item.swift */; };
		AA480F6B2B0EE9E4009E6E7B /* Assets.xcassets in Resources */ = {isa = PBXBuildFile; fileRef = AA480F6A2B0EE9E4009E6E7B /* Assets.xcassets */; };
		AA480F6E2B0EE9E4009E6E7B /* Preview Assets.xcassets in Resources */ = {isa = PBXBuildFile; fileRef = AA480F6D2B0EE9E4009E6E7B /* Preview Assets.xcassets */; };
		AA480F782B0EE9E5009E6E7B /* Practica_de_examenTests.swift in Sources */ = {isa = PBXBuildFile; fileRef = AA480F772B0EE9E5009E6E7B /* Practica_de_examenTests.swift */; };
		AA480F822B0EE9E5009E6E7B /* Practica_de_examenUITests.swift in Sources */ = {isa = PBXBuildFile; fileRef = AA480F812B0EE9E5009E6E7B /* Practica_de_examenUITests.swift */; };
		AA480F842B0EE9E5009E6E7B /* Practica_de_examenUITestsLaunchTests.swift in Sources */ = {isa = PBXBuildFile; fileRef = AA480F832B0EE9E5009E6E7B /* Practica_de_examenUITestsLaunchTests.swift */; };
/* End PBXBuildFile section */

/* Begin PBXContainerItemProxy section */
		AA480F742B0EE9E5009E6E7B /* PBXContainerItemProxy */ = {
			isa = PBXContainerItemProxy;
			containerPortal = AA480F592B0EE9E2009E6E7B /* Project object */;
			proxyType = 1;
			remoteGlobalIDString = AA480F602B0EE9E2009E6E7B;
			remoteInfo = Practica_de_examen;
		};
		AA480F7E2B0EE9E5009E6E7B /* PBXContainerItemProxy */ = {
			isa = PBXContainerItemProxy;
			containerPortal = AA480F592B0EE9E2009E6E7B /* Project object */;
			proxyType = 1;
			remoteGlobalIDString = AA480F602B0EE9E2009E6E7B;
			remoteInfo = Practica_de_examen;
		};
/* End PBXContainerItemProxy section */

/* Begin PBXFileReference section */
		AA480F612B0EE9E2009E6E7B /* Practica_de_examen.app */ = {isa = PBXFileReference; explicitFileType = wrapper.application; includeInIndex = 0; path = Practica_de_examen.app; sourceTree = BUILT_PRODUCTS_DIR; };
		AA480F642B0EE9E2009E6E7B /* Practica_de_examenApp.swift */ = {isa = PBXFileReference; lastKnownFileType = sourcecode.swift; path = Practica_de_examenApp.swift; sourceTree = "<group>"; };
		AA480F662B0EE9E2009E6E7B /* ContentView.swift */ = {isa = PBXFileReference; lastKnownFileType = sourcecode.swift; path = ContentView.swift; sourceTree = "<group>"; };
		AA480F682B0EE9E2009E6E7B /* Item.swift */ = {isa = PBXFileReference; lastKnownFileType = sourcecode.swift; path = Item.swift; sourceTree = "<group>"; };
		AA480F6A2B0EE9E4009E6E7B /* Assets.xcassets */ = {isa = PBXFileReference; lastKnownFileType = folder.assetcatalog; path = Assets.xcassets; sourceTree = "<group>"; };
		AA480F6D2B0EE9E4009E6E7B /* Preview Assets.xcassets */ = {isa = PBXFileReference; lastKnownFileType = folder.assetcatalog; path = "Preview Assets.xcassets"; sourceTree = "<group>"; };
		AA480F732B0EE9E5009E6E7B /* Practica_de_examenTests.xctest */ = {isa = PBXFileReference; explicitFileType = wrapper.cfbundle; includeInIndex = 0; path = Practica_de_examenTests.xctest; sourceTree = BUILT_PRODUCTS_DIR; };
		AA480F772B0EE9E5009E6E7B /* Practica_de_examenTests.swift */ = {isa = PBXFileReference; lastKnownFileType = sourcecode.swift; path = Practica_de_examenTests.swift; sourceTree = "<group>"; };
		AA480F7D2B0EE9E5009E6E7B /* Practica_de_examenUITests.xctest */ = {isa = PBXFileReference; explicitFileType = wrapper.cfbundle; includeInIndex = 0; path = Practica_de_examenUITests.xctest; sourceTree = BUILT_PRODUCTS_DIR; };
		AA480F812B0EE9E5009E6E7B /* Practica_de_examenUITests.swift */ = {isa = PBXFileReference; lastKnownFileType = sourcecode.swift; path = Practica_de_examenUITests.swift; sourceTree = "<group>"; };
		AA480F832B0EE9E5009E6E7B /* Practica_de_examenUITestsLaunchTests.swift */ = {isa = PBXFileReference; lastKnownFileType = sourcecode.swift; path = Practica_de_examenUITestsLaunchTests.swift; sourceTree = "<group>"; };
/* End PBXFileReference section */

/* Begin PBXFrameworksBuildPhase section */
		AA480F5E2B0EE9E2009E6E7B /* Frameworks */ = {
			isa = PBXFrameworksBuildPhase;
			buildActionMask = 2147483647;
			files = (
			);
			runOnlyForDeploymentPostprocessing = 0;
		};
		AA480F702B0EE9E5009E6E7B /* Frameworks */ = {
			isa = PBXFrameworksBuildPhase;
			buildActionMask = 2147483647;
			files = (
			);
			runOnlyForDeploymentPostprocessing = 0;
		};
		AA480F7A2B0EE9E5009E6E7B /* Frameworks */ = {
			isa = PBXFrameworksBuildPhase;
			buildActionMask = 2147483647;
			files = (
			);
			runOnlyForDeploymentPostprocessing = 0;
		};
/* End PBXFrameworksBuildPhase section */

/* Begin PBXGroup section */
		AA480F582B0EE9E2009E6E7B = {
			isa = PBXGroup;
			children = (
				AA480F632B0EE9E2009E6E7B /* Practica_de_examen */,
				AA480F762B0EE9E5009E6E7B /* Practica_de_examenTests */,
				AA480F802B0EE9E5009E6E7B /* Practica_de_examenUITests */,
				AA480F622B0EE9E2009E6E7B /* Products */,
			);
			sourceTree = "<group>";
		};
		AA480F622B0EE9E2009E6E7B /* Products */ = {
			isa = PBXGroup;
			children = (
				AA480F612B0EE9E2009E6E7B /* Practica_de_examen.app */,
				AA480F732B0EE9E5009E6E7B /* Practica_de_examenTests.xctest */,
				AA480F7D2B0EE9E5009E6E7B /* Practica_de_examenUITests.xctest */,
			);
			name = Products;
			sourceTree = "<group>";
		};
		AA480F632B0EE9E2009E6E7B /* Practica_de_examen */ = {
			isa = PBXGroup;
			children = (
				AA480F642B0EE9E2009E6E7B /* Practica_de_examenApp.swift */,
				AA480F662B0EE9E2009E6E7B /* ContentView.swift */,
				AA480F682B0EE9E2009E6E7B /* Item.swift */,
				AA480F6A2B0EE9E4009E6E7B /* Assets.xcassets */,
				AA480F6C2B0EE9E4009E6E7B /* Preview Content */,
			);
			path = Practica_de_examen;
			sourceTree = "<group>";
		};
		AA480F6C2B0EE9E4009E6E7B /* Preview Content */ = {
			isa = PBXGroup;
			children = (
				AA480F6D2B0EE9E4009E6E7B /* Preview Assets.xcassets */,
			);
			path = "Preview Content";
			sourceTree = "<group>";
		};
		AA480F762B0EE9E5009E6E7B /* Practica_de_examenTests */ = {
			isa = PBXGroup;
			children = (
				AA480F772B0EE9E5009E6E7B /* Practica_de_examenTests.swift */,
			);
			path = Practica_de_examenTests;
			sourceTree = "<group>";
		};
		AA480F802B0EE9E5009E6E7B /* Practica_de_examenUITests */ = {
			isa = PBXGroup;
			children = (
				AA480F812B0EE9E5009E6E7B /* Practica_de_examenUITests.swift */,
				AA480F832B0EE9E5009E6E7B /* Practica_de_examenUITestsLaunchTests.swift */,
			);
			path = Practica_de_examenUITests;
			sourceTree = "<group>";
		};
/* End PBXGroup section */

/* Begin PBXNativeTarget section */
		AA480F602B0EE9E2009E6E7B /* Practica_de_examen */ = {
			isa = PBXNativeTarget;
			buildConfigurationList = AA480F872B0EE9E5009E6E7B /* Build configuration list for PBXNativeTarget "Practica_de_examen" */;
			buildPhases = (
				AA480F5D2B0EE9E2009E6E7B /* Sources */,
				AA480F5E2B0EE9E2009E6E7B /* Frameworks */,
				AA480F5F2B0EE9E2009E6E7B /* Resources */,
			);
			buildRules = (
			);
			dependencies = (
			);
			name = Practica_de_examen;
			productName = Practica_de_examen;
			productReference = AA480F612B0EE9E2009E6E7B /* Practica_de_examen.app */;
			productType = "com.apple.product-type.application";
		};
		AA480F722B0EE9E5009E6E7B /* Practica_de_examenTests */ = {
			isa = PBXNativeTarget;
			buildConfigurationList = AA480F8A2B0EE9E5009E6E7B /* Build configuration list for PBXNativeTarget "Practica_de_examenTests" */;
			buildPhases = (
				AA480F6F2B0EE9E5009E6E7B /* Sources */,
				AA480F702B0EE9E5009E6E7B /* Frameworks */,
				AA480F712B0EE9E5009E6E7B /* Resources */,
			);
			buildRules = (
			);
			dependencies = (
				AA480F752B0EE9E5009E6E7B /* PBXTargetDependency */,
			);
			name = Practica_de_examenTests;
			productName = Practica_de_examenTests;
			productReference = AA480F732B0EE9E5009E6E7B /* Practica_de_examenTests.xctest */;
			productType = "com.apple.product-type.bundle.unit-test";
		};
		AA480F7C2B0EE9E5009E6E7B /* Practica_de_examenUITests */ = {
			isa = PBXNativeTarget;
			buildConfigurationList = AA480F8D2B0EE9E5009E6E7B /* Build configuration list for PBXNativeTarget "Practica_de_examenUITests" */;
			buildPhases = (
				AA480F792B0EE9E5009E6E7B /* Sources */,
				AA480F7A2B0EE9E5009E6E7B /* Frameworks */,
				AA480F7B2B0EE9E5009E6E7B /* Resources */,
			);
			buildRules = (
			);
			dependencies = (
				AA480F7F2B0EE9E5009E6E7B /* PBXTargetDependency */,
			);
			name = Practica_de_examenUITests;
			productName = Practica_de_examenUITests;
			productReference = AA480F7D2B0EE9E5009E6E7B /* Practica_de_examenUITests.xctest */;
			productType = "com.apple.product-type.bundle.ui-testing";
		};
/* End PBXNativeTarget section */

/* Begin PBXProject section */
		AA480F592B0EE9E2009E6E7B /* Project object */ = {
			isa = PBXProject;
			attributes = {
				BuildIndependentTargetsInParallel = 1;
				LastSwiftUpdateCheck = 1500;
				LastUpgradeCheck = 1500;
				TargetAttributes = {
					AA480F602B0EE9E2009E6E7B = {
						CreatedOnToolsVersion = 15.0.1;
					};
					AA480F722B0EE9E5009E6E7B = {
						CreatedOnToolsVersion = 15.0.1;
						TestTargetID = AA480F602B0EE9E2009E6E7B;
					};
					AA480F7C2B0EE9E5009E6E7B = {
						CreatedOnToolsVersion = 15.0.1;
						TestTargetID = AA480F602B0EE9E2009E6E7B;
					};
				};
			};
			buildConfigurationList = AA480F5C2B0EE9E2009E6E7B /* Build configuration list for PBXProject "Practica_de_examen" */;
			compatibilityVersion = "Xcode 14.0";
			developmentRegion = en;
			hasScannedForEncodings = 0;
			knownRegions = (
				en,
				Base,
			);
			mainGroup = AA480F582B0EE9E2009E6E7B;
			productRefGroup = AA480F622B0EE9E2009E6E7B /* Products */;
			projectDirPath = "";
			projectRoot = "";
			targets = (
				AA480F602B0EE9E2009E6E7B /* Practica_de_examen */,
				AA480F722B0EE9E5009E6E7B /* Practica_de_examenTests */,
				AA480F7C2B0EE9E5009E6E7B /* Practica_de_examenUITests */,
			);
		};
/* End PBXProject section */

/* Begin PBXResourcesBuildPhase section */
		AA480F5F2B0EE9E2009E6E7B /* Resources */ = {
			isa = PBXResourcesBuildPhase;
			buildActionMask = 2147483647;
			files = (
				AA480F6E2B0EE9E4009E6E7B /* Preview Assets.xcassets in Resources */,
				AA480F6B2B0EE9E4009E6E7B /* Assets.xcassets in Resources */,
			);
			runOnlyForDeploymentPostprocessing = 0;
		};
		AA480F712B0EE9E5009E6E7B /* Resources */ = {
			isa = PBXResourcesBuildPhase;
			buildActionMask = 2147483647;
			files = (
			);
			runOnlyForDeploymentPostprocessing = 0;
		};
		AA480F7B2B0EE9E5009E6E7B /* Resources */ = {
			isa = PBXResourcesBuildPhase;
			buildActionMask = 2147483647;
			files = (
			);
			runOnlyForDeploymentPostprocessing = 0;
		};
/* End PBXResourcesBuildPhase section */

/* Begin PBXSourcesBuildPhase section */
		AA480F5D2B0EE9E2009E6E7B /* Sources */ = {
			isa = PBXSourcesBuildPhase;
			buildActionMask = 2147483647;
			files = (
				AA480F672B0EE9E2009E6E7B /* ContentView.swift in Sources */,
				AA480F692B0EE9E2009E6E7B /* Item.swift in Sources */,
				AA480F652B0EE9E2009E6E7B /* Practica_de_examenApp.swift in Sources */,
			);
			runOnlyForDeploymentPostprocessing = 0;
		};
		AA480F6F2B0EE9E5009E6E7B /* Sources */ = {
			isa = PBXSourcesBuildPhase;
			buildActionMask = 2147483647;
			files = (
				AA480F782B0EE9E5009E6E7B /* Practica_de_examenTests.swift in Sources */,
			);
			runOnlyForDeploymentPostprocessing = 0;
		};
		AA480F792B0EE9E5009E6E7B /* Sources */ = {
			isa = PBXSourcesBuildPhase;
			buildActionMask = 2147483647;
			files = (
				AA480F842B0EE9E5009E6E7B /* Practica_de_examenUITestsLaunchTests.swift in Sources */,
				AA480F822B0EE9E5009E6E7B /* Practica_de_examenUITests.swift in Sources */,
			);
			runOnlyForDeploymentPostprocessing = 0;
		};
/* End PBXSourcesBuildPhase section */

/* Begin PBXTargetDependency section */
		AA480F752B0EE9E5009E6E7B /* PBXTargetDependency */ = {
			isa = PBXTargetDependency;
			target = AA480F602B0EE9E2009E6E7B /* Practica_de_examen */;
			targetProxy = AA480F742B0EE9E5009E6E7B /* PBXContainerItemProxy */;
		};
		AA480F7F2B0EE9E5009E6E7B /* PBXTargetDependency */ = {
			isa = PBXTargetDependency;
			target = AA480F602B0EE9E2009E6E7B /* Practica_de_examen */;
			targetProxy = AA480F7E2B0EE9E5009E6E7B /* PBXContainerItemProxy */;
		};
/* End PBXTargetDependency section */

/* Begin XCBuildConfiguration section */
		AA480F852B0EE9E5009E6E7B /* Debug */ = {
			isa = XCBuildConfiguration;
			buildSettings = {
				ALWAYS_SEARCH_USER_PATHS = NO;
				ASSETCATALOG_COMPILER_GENERATE_SWIFT_ASSET_SYMBOL_EXTENSIONS = YES;
				CLANG_ANALYZER_NONNULL = YES;
				CLANG_ANALYZER_NUMBER_OBJECT_CONVERSION = YES_AGGRESSIVE;
				CLANG_CXX_LANGUAGE_STANDARD = "gnu++20";
				CLANG_ENABLE_MODULES = YES;
				CLANG_ENABLE_OBJC_ARC = YES;
				CLANG_ENABLE_OBJC_WEAK = YES;
				CLANG_WARN_BLOCK_CAPTURE_AUTORELEASING = YES;
				CLANG_WARN_BOOL_CONVERSION = YES;
				CLANG_WARN_COMMA = YES;
				CLANG_WARN_CONSTANT_CONVERSION = YES;
				CLANG_WARN_DEPRECATED_OBJC_IMPLEMENTATIONS = YES;
				CLANG_WARN_DIRECT_OBJC_ISA_USAGE = YES_ERROR;
				CLANG_WARN_DOCUMENTATION_COMMENTS = YES;
				CLANG_WARN_EMPTY_BODY = YES;
				CLANG_WARN_ENUM_CONVERSION = YES;
				CLANG_WARN_INFINITE_RECURSION = YES;
				CLANG_WARN_INT_CONVERSION = YES;
				CLANG_WARN_NON_LITERAL_NULL_CONVERSION = YES;
				CLANG_WARN_OBJC_IMPLICIT_RETAIN_SELF = YES;
				CLANG_WARN_OBJC_LITERAL_CONVERSION = YES;
				CLANG_WARN_OBJC_ROOT_CLASS = YES_ERROR;
				CLANG_WARN_QUOTED_INCLUDE_IN_FRAMEWORK_HEADER = YES;
				CLANG_WARN_RANGE_LOOP_ANALYSIS = YES;
				CLANG_WARN_STRICT_PROTOTYPES = YES;
				CLANG_WARN_SUSPICIOUS_MOVE = YES;
				CLANG_WARN_UNGUARDED_AVAILABILITY = YES_AGGRESSIVE;
				CLANG_WARN_UNREACHABLE_CODE = YES;
				CLANG_WARN__DUPLICATE_METHOD_MATCH = YES;
				COPY_PHASE_STRIP = NO;
				DEBUG_INFORMATION_FORMAT = dwarf;
				ENABLE_STRICT_OBJC_MSGSEND = YES;
				ENABLE_TESTABILITY = YES;
				ENABLE_USER_SCRIPT_SANDBOXING = YES;
				GCC_C_LANGUAGE_STANDARD = gnu17;
				GCC_DYNAMIC_NO_PIC = NO;
				GCC_NO_COMMON_BLOCKS = YES;
				GCC_OPTIMIZATION_LEVEL = 0;
				GCC_PREPROCESSOR_DEFINITIONS = (
					"DEBUG=1",
					"$(inherited)",
				);
				GCC_WARN_64_TO_32_BIT_CONVERSION = YES;
				GCC_WARN_ABOUT_RETURN_TYPE = YES_ERROR;
				GCC_WARN_UNDECLARED_SELECTOR = YES;
				GCC_WARN_UNINITIALIZED_AUTOS = YES_AGGRESSIVE;
				GCC_WARN_UNUSED_FUNCTION = YES;
				GCC_WARN_UNUSED_VARIABLE = YES;
				IPHONEOS_DEPLOYMENT_TARGET = 17.0;
				LOCALIZATION_PREFERS_STRING_CATALOGS = YES;
				MTL_ENABLE_DEBUG_INFO = INCLUDE_SOURCE;
				MTL_FAST_MATH = YES;
				ONLY_ACTIVE_ARCH = YES;
				SDKROOT = iphoneos;
				SWIFT_ACTIVE_COMPILATION_CONDITIONS = "DEBUG $(inherited)";
				SWIFT_OPTIMIZATION_LEVEL = "-Onone";
			};
			name = Debug;
		};
		AA480F862B0EE9E5009E6E7B /* Release */ = {
			isa = XCBuildConfiguration;
			buildSettings = {
				ALWAYS_SEARCH_USER_PATHS = NO;
				ASSETCATALOG_COMPILER_GENERATE_SWIFT_ASSET_SYMBOL_EXTENSIONS = YES;
				CLANG_ANALYZER_NONNULL = YES;
				CLANG_ANALYZER_NUMBER_OBJECT_CONVERSION = YES_AGGRESSIVE;
				CLANG_CXX_LANGUAGE_STANDARD = "gnu++20";
				CLANG_ENABLE_MODULES = YES;
				CLANG_ENABLE_OBJC_ARC = YES;
				CLANG_ENABLE_OBJC_WEAK = YES;
				CLANG_WARN_BLOCK_CAPTURE_AUTORELEASING = YES;
				CLANG_WARN_BOOL_CONVERSION = YES;
				CLANG_WARN_COMMA = YES;
				CLANG_WARN_CONSTANT_CONVERSION = YES;
				CLANG_WARN_DEPRECATED_OBJC_IMPLEMENTATIONS = YES;
				CLANG_WARN_DIRECT_OBJC_ISA_USAGE = YES_ERROR;
				CLANG_WARN_DOCUMENTATION_COMMENTS = YES;
				CLANG_WARN_EMPTY_BODY = YES;
				CLANG_WARN_ENUM_CONVERSION = YES;
				CLANG_WARN_INFINITE_RECURSION = YES;
				CLANG_WARN_INT_CONVERSION = YES;
				CLANG_WARN_NON_LITERAL_NULL_CONVERSION = YES;
				CLANG_WARN_OBJC_IMPLICIT_RETAIN_SELF = YES;
				CLANG_WARN_OBJC_LITERAL_CONVERSION = YES;
				CLANG_WARN_OBJC_ROOT_CLASS = YES_ERROR;
				CLANG_WARN_QUOTED_INCLUDE_IN_FRAMEWORK_HEADER = YES;
				CLANG_WARN_RANGE_LOOP_ANALYSIS = YES;
				CLANG_WARN_STRICT_PROTOTYPES = YES;
				CLANG_WARN_SUSPICIOUS_MOVE = YES;
				CLANG_WARN_UNGUARDED_AVAILABILITY = YES_AGGRESSIVE;
				CLANG_WARN_UNREACHABLE_CODE = YES;
				CLANG_WARN__DUPLICATE_METHOD_MATCH = YES;
				COPY_PHASE_STRIP = NO;
				DEBUG_INFORMATION_FORMAT = "dwarf-with-dsym";
				ENABLE_NS_ASSERTIONS = NO;
				ENABLE_STRICT_OBJC_MSGSEND = YES;
				ENABLE_USER_SCRIPT_SANDBOXING = YES;
				GCC_C_LANGUAGE_STANDARD = gnu17;
				GCC_NO_COMMON_BLOCKS = YES;
				GCC_WARN_64_TO_32_BIT_CONVERSION = YES;
				GCC_WARN_ABOUT_RETURN_TYPE = YES_ERROR;
				GCC_WARN_UNDECLARED_SELECTOR = YES;
				GCC_WARN_UNINITIALIZED_AUTOS = YES_AGGRESSIVE;
				GCC_WARN_UNUSED_FUNCTION = YES;
				GCC_WARN_UNUSED_VARIABLE = YES;
				IPHONEOS_DEPLOYMENT_TARGET = 17.0;
				LOCALIZATION_PREFERS_STRING_CATALOGS = YES;
				MTL_ENABLE_DEBUG_INFO = NO;
				MTL_FAST_MATH = YES;
				SDKROOT = iphoneos;
				SWIFT_COMPILATION_MODE = wholemodule;
				VALIDATE_PRODUCT = YES;
			};
			name = Release;
		};
		AA480F882B0EE9E5009E6E7B /* Debug */ = {
			isa = XCBuildConfiguration;
			buildSettings = {
				ASSETCATALOG_COMPILER_APPICON_NAME = AppIcon;
				ASSETCATALOG_COMPILER_GLOBAL_ACCENT_COLOR_NAME = AccentColor;
				CODE_SIGN_STYLE = Automatic;
				CURRENT_PROJECT_VERSION = 1;
				DEVELOPMENT_ASSET_PATHS = "\"Practica_de_examen/Preview Content\"";
				DEVELOPMENT_TEAM = YKRP485BCC;
				ENABLE_PREVIEWS = YES;
				GENERATE_INFOPLIST_FILE = YES;
				INFOPLIST_KEY_UIApplicationSceneManifest_Generation = YES;
				INFOPLIST_KEY_UIApplicationSupportsIndirectInputEvents = YES;
				INFOPLIST_KEY_UILaunchScreen_Generation = YES;
				INFOPLIST_KEY_UISupportedInterfaceOrientations_iPad = "UIInterfaceOrientationPortrait UIInterfaceOrientationPortraitUpsideDown UIInterfaceOrientationLandscapeLeft UIInterfaceOrientationLandscapeRight";
				INFOPLIST_KEY_UISupportedInterfaceOrientations_iPhone = "UIInterfaceOrientationPortrait UIInterfaceOrientationLandscapeLeft UIInterfaceOrientationLandscapeRight";
				LD_RUNPATH_SEARCH_PATHS = (
					"$(inherited)",
					"@executable_path/Frameworks",
				);
				MARKETING_VERSION = 1.0;
				PRODUCT_BUNDLE_IDENTIFIER = "com.Practica-de-examen";
				PRODUCT_NAME = "$(TARGET_NAME)";
				SWIFT_EMIT_LOC_STRINGS = YES;
				SWIFT_VERSION = 5.0;
				TARGETED_DEVICE_FAMILY = "1,2";
			};
			name = Debug;
		};
		AA480F892B0EE9E5009E6E7B /* Release */ = {
			isa = XCBuildConfiguration;
			buildSettings = {
				ASSETCATALOG_COMPILER_APPICON_NAME = AppIcon;
				ASSETCATALOG_COMPILER_GLOBAL_ACCENT_COLOR_NAME = AccentColor;
				CODE_SIGN_STYLE = Automatic;
				CURRENT_PROJECT_VERSION = 1;
				DEVELOPMENT_ASSET_PATHS = "\"Practica_de_examen/Preview Content\"";
				DEVELOPMENT_TEAM = YKRP485BCC;
				ENABLE_PREVIEWS = YES;
				GENERATE_INFOPLIST_FILE = YES;
				INFOPLIST_KEY_UIApplicationSceneManifest_Generation = YES;
				INFOPLIST_KEY_UIApplicationSupportsIndirectInputEvents = YES;
				INFOPLIST_KEY_UILaunchScreen_Generation = YES;
				INFOPLIST_KEY_UISupportedInterfaceOrientations_iPad = "UIInterfaceOrientationPortrait UIInterfaceOrientationPortraitUpsideDown UIInterfaceOrientationLandscapeLeft UIInterfaceOrientationLandscapeRight";
				INFOPLIST_KEY_UISupportedInterfaceOrientations_iPhone = "UIInterfaceOrientationPortrait UIInterfaceOrientationLandscapeLeft UIInterfaceOrientationLandscapeRight";
				LD_RUNPATH_SEARCH_PATHS = (
					"$(inherited)",
					"@executable_path/Frameworks",
				);
				MARKETING_VERSION = 1.0;
				PRODUCT_BUNDLE_IDENTIFIER = "com.Practica-de-examen";
				PRODUCT_NAME = "$(TARGET_NAME)";
				SWIFT_EMIT_LOC_STRINGS = YES;
				SWIFT_VERSION = 5.0;
				TARGETED_DEVICE_FAMILY = "1,2";
			};
			name = Release;
		};
		AA480F8B2B0EE9E5009E6E7B /* Debug */ = {
			isa = XCBuildConfiguration;
			buildSettings = {
				ALWAYS_EMBED_SWIFT_STANDARD_LIBRARIES = YES;
				BUNDLE_LOADER = "$(TEST_HOST)";
				CODE_SIGN_STYLE = Automatic;
				CURRENT_PROJECT_VERSION = 1;
				DEVELOPMENT_TEAM = YKRP485BCC;
				GENERATE_INFOPLIST_FILE = YES;
				IPHONEOS_DEPLOYMENT_TARGET = 17.0;
				MARKETING_VERSION = 1.0;
				PRODUCT_BUNDLE_IDENTIFIER = "com.Practica-de-examenTests";
				PRODUCT_NAME = "$(TARGET_NAME)";
				SWIFT_EMIT_LOC_STRINGS = NO;
				SWIFT_VERSION = 5.0;
				TARGETED_DEVICE_FAMILY = "1,2";
				TEST_HOST = "$(BUILT_PRODUCTS_DIR)/Practica_de_examen.app/$(BUNDLE_EXECUTABLE_FOLDER_PATH)/Practica_de_examen";
			};
			name = Debug;
		};
		AA480F8C2B0EE9E5009E6E7B /* Release */ = {
			isa = XCBuildConfiguration;
			buildSettings = {
				ALWAYS_EMBED_SWIFT_STANDARD_LIBRARIES = YES;
				BUNDLE_LOADER = "$(TEST_HOST)";
				CODE_SIGN_STYLE = Automatic;
				CURRENT_PROJECT_VERSION = 1;
				DEVELOPMENT_TEAM = YKRP485BCC;
				GENERATE_INFOPLIST_FILE = YES;
				IPHONEOS_DEPLOYMENT_TARGET = 17.0;
				MARKETING_VERSION = 1.0;
				PRODUCT_BUNDLE_IDENTIFIER = "com.Practica-de-examenTests";
				PRODUCT_NAME = "$(TARGET_NAME)";
				SWIFT_EMIT_LOC_STRINGS = NO;
				SWIFT_VERSION = 5.0;
				TARGETED_DEVICE_FAMILY = "1,2";
				TEST_HOST = "$(BUILT_PRODUCTS_DIR)/Practica_de_examen.app/$(BUNDLE_EXECUTABLE_FOLDER_PATH)/Practica_de_examen";
			};
			name = Release;
		};
		AA480F8E2B0EE9E5009E6E7B /* Debug */ = {
			isa = XCBuildConfiguration;
			buildSettings = {
				ALWAYS_EMBED_SWIFT_STANDARD_LIBRARIES = YES;
				CODE_SIGN_STYLE = Automatic;
				CURRENT_PROJECT_VERSION = 1;
				DEVELOPMENT_TEAM = YKRP485BCC;
				GENERATE_INFOPLIST_FILE = YES;
				MARKETING_VERSION = 1.0;
				PRODUCT_BUNDLE_IDENTIFIER = "com.Practica-de-examenUITests";
				PRODUCT_NAME = "$(TARGET_NAME)";
				SWIFT_EMIT_LOC_STRINGS = NO;
				SWIFT_VERSION = 5.0;
				TARGETED_DEVICE_FAMILY = "1,2";
				TEST_TARGET_NAME = Practica_de_examen;
			};
			name = Debug;
		};
		AA480F8F2B0EE9E5009E6E7B /* Release */ = {
			isa = XCBuildConfiguration;
			buildSettings = {
				ALWAYS_EMBED_SWIFT_STANDARD_LIBRARIES = YES;
				CODE_SIGN_STYLE = Automatic;
				CURRENT_PROJECT_VERSION = 1;
				DEVELOPMENT_TEAM = YKRP485BCC;
				GENERATE_INFOPLIST_FILE = YES;
				MARKETING_VERSION = 1.0;
				PRODUCT_BUNDLE_IDENTIFIER = "com.Practica-de-examenUITests";
				PRODUCT_NAME = "$(TARGET_NAME)";
				SWIFT_EMIT_LOC_STRINGS = NO;
				SWIFT_VERSION = 5.0;
				TARGETED_DEVICE_FAMILY = "1,2";
				TEST_TARGET_NAME = Practica_de_examen;
			};
			name = Release;
		};
/* End XCBuildConfiguration section */

/* Begin XCConfigurationList section */
		AA480F5C2B0EE9E2009E6E7B /* Build configuration list for PBXProject "Practica_de_examen" */ = {
			isa = XCConfigurationList;
			buildConfigurations = (
				AA480F852B0EE9E5009E6E7B /* Debug */,
				AA480F862B0EE9E5009E6E7B /* Release */,
			);
			defaultConfigurationIsVisible = 0;
			defaultConfigurationName = Release;
		};
		AA480F872B0EE9E5009E6E7B /* Build configuration list for PBXNativeTarget "Practica_de_examen" */ = {
			isa = XCConfigurationList;
			buildConfigurations = (
				AA480F882B0EE9E5009E6E7B /* Debug */,
				AA480F892B0EE9E5009E6E7B /* Release */,
			);
			defaultConfigurationIsVisible = 0;
			defaultConfigurationName = Release;
		};
		AA480F8A2B0EE9E5009E6E7B /* Build configuration list for PBXNativeTarget "Practica_de_examenTests" */ = {
			isa = XCConfigurationList;
			buildConfigurations = (
				AA480F8B2B0EE9E5009E6E7B /* Debug */,
				AA480F8C2B0EE9E5009E6E7B /* Release */,
			);
			defaultConfigurationIsVisible = 0;
			defaultConfigurationName = Release;
		};
		AA480F8D2B0EE9E5009E6E7B /* Build configuration list for PBXNativeTarget "Practica_de_examenUITests" */ = {
			isa = XCConfigurationList;
			buildConfigurations = (
				AA480F8E2B0EE9E5009E6E7B /* Debug */,
				AA480F8F2B0EE9E5009E6E7B /* Release */,
			);
			defaultConfigurationIsVisible = 0;
			defaultConfigurationName = Release;
		};
/* End XCConfigurationList section */
	};
	rootObject = AA480F592B0EE9E2009E6E7B /* Project object */;
}
